
Microsoft Visual Studio Solution File, Format Version 12.00
# Visual Studio Version 16
VisualStudioVersion = 16.0.30517.126
MinimumVisualStudioVersion = 10.0.40219.1
Project("{FAE04EC0-301F-11D3-BF4B-00C04F79EFBC}") = "Web_.Net", "Web_.Net\Web_.Net.csproj", "{219050D9-54C7-481A-8246-D96FC431CDB9}"
EndProject
Global
	GlobalSection(SolutionConfigurationPlatforms) = preSolution
		Debug|Any CPU = Debug|Any CPU
		Release|Any CPU = Release|Any CPU
	EndGlobalSection
	GlobalSection(ProjectConfigurationPlatforms) = postSolution
		{219050D9-54C7-481A-8246-D96FC431CDB9}.Debug|Any CPU.ActiveCfg = Debug|Any CPU
		{219050D9-54C7-481A-8246-D96FC431CDB9}.Debug|Any CPU.Build.0 = Debug|Any CPU
		{219050D9-54C7-481A-8246-D96FC431CDB9}.Release|Any CPU.ActiveCfg = Release|Any CPU
		{219050D9-54C7-481A-8246-D96FC431CDB9}.Release|Any CPU.Build.0 = Release|Any CPU
	EndGlobalSection
	GlobalSection(SolutionProperties) = preSolution
		HideSolutionNode = FALSE
	EndGlobalSection
	GlobalSection(ExtensibilityGlobals) = postSolution
		SolutionGuid = {7337C93C-7438-4705-A878-ACB05D6FF753}
	EndGlobalSection
EndGlobal
